// !$*UTF8*$!
{
	archiveVersion = 1;
	classes = {
	};
	objectVersion = 46;
	objects = {

/* Begin PBXBuildFile section */
		045A25411DDD8F0700B6C4AB /* main.m in Sources */ = {isa = PBXBuildFile; fileRef = 045A25401DDD8F0700B6C4AB /* main.m */; };
		045A25441DDD8F0700B6C4AB /* AppDelegate.m in Sources */ = {isa = PBXBuildFile; fileRef = 045A25431DDD8F0700B6C4AB /* AppDelegate.m */; };
		045A25471DDD8F0700B6C4AB /* ViewController.m in Sources */ = {isa = PBXBuildFile; fileRef = 045A25461DDD8F0700B6C4AB /* ViewController.m */; };
		045A254A1DDD8F0700B6C4AB /* Main.storyboard in Resources */ = {isa = PBXBuildFile; fileRef = 045A25481DDD8F0700B6C4AB /* Main.storyboard */; };
		045A254C1DDD8F0700B6C4AB /* Assets.xcassets in Resources */ = {isa = PBXBuildFile; fileRef = 045A254B1DDD8F0700B6C4AB /* Assets.xcassets */; };
		045A254F1DDD8F0700B6C4AB /* LaunchScreen.storyboard in Resources */ = {isa = PBXBuildFile; fileRef = 045A254D1DDD8F0700B6C4AB /* LaunchScreen.storyboard */; };
		045A25581DDD8F1B00B6C4AB /* ISProgressView.m in Sources */ = {isa = PBXBuildFile; fileRef = 045A25571DDD8F1B00B6C4AB /* ISProgressView.m */; };
/* End PBXBuildFile section */

/* Begin PBXFileReference section */
		045A253C1DDD8F0700B6C4AB /* ISProgressViewDemo.app */ = {isa = PBXFileReference; explicitFileType = wrapper.application; includeInIndex = 0; path = ISProgressViewDemo.app; sourceTree = BUILT_PRODUCTS_DIR; };
		045A25401DDD8F0700B6C4AB /* main.m */ = {isa = PBXFileReference; lastKnownFileType = sourcecode.c.objc; path = main.m; sourceTree = "<group>"; };
		045A25421DDD8F0700B6C4AB /* AppDelegate.h */ = {isa = PBXFileReference; lastKnownFileType = sourcecode.c.h; path = AppDelegate.h; sourceTree = "<group>"; };
		045A25431DDD8F0700B6C4AB /* AppDelegate.m */ = {isa = PBXFileReference; lastKnownFileType = sourcecode.c.objc; path = AppDelegate.m; sourceTree = "<group>"; };
		045A25451DDD8F0700B6C4AB /* ViewController.h */ = {isa = PBXFileReference; lastKnownFileType = sourcecode.c.h; path = ViewController.h; sourceTree = "<group>"; };
		045A25461DDD8F0700B6C4AB /* ViewController.m */ = {isa = PBXFileReference; lastKnownFileType = sourcecode.c.objc; path = ViewController.m; sourceTree = "<group>"; };
		045A25491DDD8F0700B6C4AB /* Base */ = {isa = PBXFileReference; lastKnownFileType = file.storyboard; name = Base; path = Base.lproj/Main.storyboard; sourceTree = "<group>"; };
		045A254B1DDD8F0700B6C4AB /* Assets.xcassets */ = {isa = PBXFileReference; lastKnownFileType = folder.assetcatalog; path = Assets.xcassets; sourceTree = "<group>"; };
		045A254E1DDD8F0700B6C4AB /* Base */ = {isa = PBXFileReference; lastKnownFileType = file.storyboard; name = Base; path = Base.lproj/LaunchScreen.storyboard; sourceTree = "<group>"; };
		045A25501DDD8F0700B6C4AB /* Info.plist */ = {isa = PBXFileReference; lastKnownFileType = text.plist.xml; path = Info.plist; sourceTree = "<group>"; };
		045A25561DDD8F1B00B6C4AB /* ISProgressView.h */ = {isa = PBXFileReference; fileEncoding = 4; lastKnownFileType = sourcecode.c.h; path = ISProgressView.h; sourceTree = "<group>"; };
		045A25571DDD8F1B00B6C4AB /* ISProgressView.m */ = {isa = PBXFileReference; fileEncoding = 4; lastKnownFileType = sourcecode.c.objc; path = ISProgressView.m; sourceTree = "<group>"; };
/* End PBXFileReference section */

/* Begin PBXFrameworksBuildPhase section */
		045A25391DDD8F0700B6C4AB /* Frameworks */ = {
			isa = PBXFrameworksBuildPhase;
			buildActionMask = 2147483647;
			files = (
			);
			runOnlyForDeploymentPostprocessing = 0;
		};
/* End PBXFrameworksBuildPhase section */

/* Begin PBXGroup section */
		045A25331DDD8F0700B6C4AB = {
			isa = PBXGroup;
			children = (
				045A253E1DDD8F0700B6C4AB /* ISProgressViewDemo */,
				045A253D1DDD8F0700B6C4AB /* Products */,
			);
			sourceTree = "<group>";
		};
		045A253D1DDD8F0700B6C4AB /* Products */ = {
			isa = PBXGroup;
			children = (
				045A253C1DDD8F0700B6C4AB /* ISProgressViewDemo.app */,
			);
			name = Products;
			sourceTree = "<group>";
		};
		045A253E1DDD8F0700B6C4AB /* ISProgressViewDemo */ = {
			isa = PBXGroup;
			children = (
				045A25561DDD8F1B00B6C4AB /* ISProgressView.h */,
				045A25571DDD8F1B00B6C4AB /* ISProgressView.m */,
				045A25421DDD8F0700B6C4AB /* AppDelegate.h */,
				045A25431DDD8F0700B6C4AB /* AppDelegate.m */,
				045A25451DDD8F0700B6C4AB /* ViewController.h */,
				045A25461DDD8F0700B6C4AB /* ViewController.m */,
				045A25481DDD8F0700B6C4AB /* Main.storyboard */,
				045A254B1DDD8F0700B6C4AB /* Assets.xcassets */,
				045A254D1DDD8F0700B6C4AB /* LaunchScreen.storyboard */,
				045A25501DDD8F0700B6C4AB /* Info.plist */,
				045A253F1DDD8F0700B6C4AB /* Supporting Files */,
			);
			path = ISProgressViewDemo;
			sourceTree = "<group>";
		};
		045A253F1DDD8F0700B6C4AB /* Supporting Files */ = {
			isa = PBXGroup;
			children = (
				045A25401DDD8F0700B6C4AB /* main.m */,
			);
			name = "Supporting Files";
			sourceTree = "<group>";
		};
/* End PBXGroup section */

/* Begin PBXNativeTarget section */
		045A253B1DDD8F0700B6C4AB /* ISProgressViewDemo */ = {
			isa = PBXNativeTarget;
			buildConfigurationList = 045A25531DDD8F0700B6C4AB /* Build configuration list for PBXNativeTarget "ISProgressViewDemo" */;
			buildPhases = (
				045A25381DDD8F0700B6C4AB /* Sources */,
				045A25391DDD8F0700B6C4AB /* Frameworks */,
				045A253A1DDD8F0700B6C4AB /* Resources */,
			);
			buildRules = (
			);
			dependencies = (
			);
			name = ISProgressViewDemo;
			productName = ISProgressViewDemo;
			productReference = 045A253C1DDD8F0700B6C4AB /* ISProgressViewDemo.app */;
			productType = "com.apple.product-type.application";
		};
/* End PBXNativeTarget section */

/* Begin PBXProject section */
		045A25341DDD8F0700B6C4AB /* Project object */ = {
			isa = PBXProject;
			attributes = {
				LastUpgradeCheck = 0800;
				ORGANIZATIONNAME = mac;
				TargetAttributes = {
					045A253B1DDD8F0700B6C4AB = {
						CreatedOnToolsVersion = 8.0;
						DevelopmentTeam = 6QN633WCG3;
						ProvisioningStyle = Automatic;
					};
				};
			};
			buildConfigurationList = 045A25371DDD8F0700B6C4AB /* Build configuration list for PBXProject "ISProgressViewDemo" */;
			compatibilityVersion = "Xcode 3.2";
			developmentRegion = English;
			hasScannedForEncodings = 0;
			knownRegions = (
				en,
				Base,
			);
			mainGroup = 045A25331DDD8F0700B6C4AB;
			productRefGroup = 045A253D1DDD8F0700B6C4AB /* Products */;
			projectDirPath = "";
			projectRoot = "";
			targets = (
				045A253B1DDD8F0700B6C4AB /* ISProgressViewDemo */,
			);
		};
/* End PBXProject section */

/* Begin PBXResourcesBuildPhase section */
		045A253A1DDD8F0700B6C4AB /* Resources */ = {
			isa = PBXResourcesBuildPhase;
			buildActionMask = 2147483647;
			files = (
				045A254F1DDD8F0700B6C4AB /* LaunchScreen.storyboard in Resources */,
				045A254C1DDD8F0700B6C4AB /* Assets.xcassets in Resources */,
				045A254A1DDD8F0700B6C4AB /* Main.storyboard in Resources */,
			);
			runOnlyForDeploymentPostprocessing = 0;
		};
/* End PBXResourcesBuildPhase section */

/* Begin PBXSourcesBuildPhase section */
		045A25381DDD8F0700B6C4AB /* Sources */ = {
			isa = PBXSourcesBuildPhase;
			buildActionMask = 2147483647;
			files = (
				045A25471DDD8F0700B6C4AB /* ViewController.m in Sources */,
				045A25441DDD8F0700B6C4AB /* AppDelegate.m in Sources */,
				045A25411DDD8F0700B6C4AB /* main.m in Sources */,
				045A25581DDD8F1B00B6C4AB /* ISProgressView.m in Sources */,
			);
			runOnlyForDeploymentPostprocessing = 0;
		};
/* End PBXSourcesBuildPhase section */

/* Begin PBXVariantGroup section */
		045A25481DDD8F0700B6C4AB /* Main.storyboard */ = {
			isa = PBXVariantGroup;
			children = (
				045A25491DDD8F0700B6C4AB /* Base */,
			);
			name = Main.storyboard;
			sourceTree = "<group>";
		};
		045A254D1DDD8F0700B6C4AB /* LaunchScreen.storyboard */ = {
			isa = PBXVariantGroup;
			children = (
				045A254E1DDD8F0700B6C4AB /* Base */,
			);
			name = LaunchScreen.storyboard;
			sourceTree = "<group>";
		};
/* End PBXVariantGroup section */

/* Begin XCBuildConfiguration section */
		045A25511DDD8F0700B6C4AB /* Debug */ = {
			isa = XCBuildConfiguration;
			buildSettings = {
				ALWAYS_SEARCH_USER_PATHS = NO;
				CLANG_ANALYZER_NONNULL = YES;
				CLANG_CXX_LANGUAGE_STANDARD = "gnu++0x";
				CLANG_CXX_LIBRARY = "libc++";
				CLANG_ENABLE_MODULES = YES;
				CLANG_ENABLE_OBJC_ARC = YES;
				CLANG_WARN_BOOL_CONVERSION = YES;
				CLANG_WARN_CONSTANT_CONVERSION = YES;
				CLANG_WARN_DIRECT_OBJC_ISA_USAGE = YES_ERROR;
				CLANG_WARN_DOCUMENTATION_COMMENTS = YES;
				CLANG_WARN_EMPTY_BODY = YES;
				CLANG_WARN_ENUM_CONVERSION = YES;
				CLANG_WARN_INFINITE_RECURSION = YES;
				CLANG_WARN_INT_CONVERSION = YES;
				CLANG_WARN_OBJC_ROOT_CLASS = YES_ERROR;
				CLANG_WARN_SUSPICIOUS_MOVES = YES;
				CLANG_WARN_UNREACHABLE_CODE = YES;
				CLANG_WARN__DUPLICATE_METHOD_MATCH = YES;
				"CODE_SIGN_IDENTITY[sdk=iphoneos*]" = "iPhone Developer";
				COPY_PHASE_STRIP = NO;
				DEBUG_INFORMATION_FORMAT = dwarf;
				ENABLE_STRICT_OBJC_MSGSEND = YES;
				ENABLE_TESTABILITY = YES;
				GCC_C_LANGUAGE_STANDARD = gnu99;
				GCC_DYNAMIC_NO_PIC = NO;
				GCC_NO_COMMON_BLOCKS = YES;
				GCC_OPTIMIZATION_LEVEL = 0;
				GCC_PREPROCESSOR_DEFINITIONS = (
					"DEBUG=1",
					"$(inherited)",
				);
				GCC_WARN_64_TO_32_BIT_CONVERSION = YES;
				GCC_WARN_ABOUT_RETURN_TYPE = YES_ERROR;
				GCC_WARN_UNDECLARED_SELECTOR = YES;
				GCC_WARN_UNINITIALIZED_AUTOS = YES_AGGRESSIVE;
				GCC_WARN_UNUSED_FUNCTION = YES;
				GCC_WARN_UNUSED_VARIABLE = YES;
				IPHONEOS_DEPLOYMENT_TARGET = 8.0;
				MTL_ENABLE_DEBUG_INFO = YES;
				ONLY_ACTIVE_ARCH = YES;
				SDKROOT = iphoneos;
			};
			name = Debug;
		};
		045A25521DDD8F0700B6C4AB /* Release */ = {
			isa = XCBuildConfiguration;
			buildSettings = {
				ALWAYS_SEARCH_USER_PATHS = NO;
				CLANG_ANALYZER_NONNULL = YES;
				CLANG_CXX_LANGUAGE_STANDARD = "gnu++0x";
				CLANG_CXX_LIBRARY = "libc++";
				CLANG_ENABLE_MODULES = YES;
				CLANG_ENABLE_OBJC_ARC = YES;
				CLANG_WARN_BOOL_CONVERSION = YES;
				CLANG_WARN_CONSTANT_CONVERSION = YES;
				CLANG_WARN_DIRECT_OBJC_ISA_USAGE = YES_ERROR;
				CLANG_WARN_DOCUMENTATION_COMMENTS = YES;
				CLANG_WARN_EMPTY_BODY = YES;
				CLANG_WARN_ENUM_CONVERSION = YES;
				CLANG_WARN_INFINITE_RECURSION = YES;
				CLANG_WARN_INT_CONVERSION = YES;
				CLANG_WARN_OBJC_ROOT_CLASS = YES_ERROR;
				CLANG_WARN_SUSPICIOUS_MOVES = YES;
				CLANG_WARN_UNREACHABLE_CODE = YES;
				CLANG_WARN__DUPLICATE_METHOD_MATCH = YES;
				"CODE_SIGN_IDENTITY[sdk=iphoneos*]" = "iPhone Developer";
				COPY_PHASE_STRIP = NO;
				DEBUG_INFORMATION_FORMAT = "dwarf-with-dsym";
				ENABLE_NS_ASSERTIONS = NO;
				ENABLE_STRICT_OBJC_MSGSEND = YES;
				GCC_C_LANGUAGE_STANDARD = gnu99;
				GCC_NO_COMMON_BLOCKS = YES;
				GCC_WARN_64_TO_32_BIT_CONVERSION = YES;
				GCC_WARN_ABOUT_RETURN_TYPE = YES_ERROR;
				GCC_WARN_UNDECLARED_SELECTOR = YES;
				GCC_WARN_UNINITIALIZED_AUTOS = YES_AGGRESSIVE;
				GCC_WARN_UNUSED_FUNCTION = YES;
				GCC_WARN_UNUSED_VARIABLE = YES;
				IPHONEOS_DEPLOYMENT_TARGET = 8.0;
				MTL_ENABLE_DEBUG_INFO = NO;
				SDKROOT = iphoneos;
				VALIDATE_PRODUCT = YES;
			};
			name = Release;
		};
		045A25541DDD8F0700B6C4AB /* Debug */ = {
			isa = XCBuildConfiguration;
			buildSettings = {
				ASSETCATALOG_COMPILER_APPICON_NAME = AppIcon;
				DEVELOPMENT_TEAM = 6QN633WCG3;
				INFOPLIST_FILE = ISProgressViewDemo/Info.plist;
				IPHONEOS_DEPLOYMENT_TARGET = 8.0;
				LD_RUNPATH_SEARCH_PATHS = "$(inherited) @executable_path/Frameworks";
				PRODUCT_BUNDLE_IDENTIFIER = com.ISProgressViewDemo;
				PRODUCT_NAME = "$(TARGET_NAME)";
			};
			name = Debug;
		};
		045A25551DDD8F0700B6C4AB /* Release */ = {
			isa = XCBuildConfiguration;
			buildSettings = {
				ASSETCATALOG_COMPILER_APPICON_NAME = AppIcon;
				DEVELOPMENT_TEAM = 6QN633WCG3;
				INFOPLIST_FILE = ISProgressViewDemo/Info.plist;
				IPHONEOS_DEPLOYMENT_TARGET = 8.0;
				LD_RUNPATH_SEARCH_PATHS = "$(inherited) @executable_path/Frameworks";
				PRODUCT_BUNDLE_IDENTIFIER = com.ISProgressViewDemo;
				PRODUCT_NAME = "$(TARGET_NAME)";
			};
			name = Release;
		};
/* End XCBuildConfiguration section */

/* Begin XCConfigurationList section */
		045A25371DDD8F0700B6C4AB /* Build configuration list for PBXProject "ISProgressViewDemo" */ = {
			isa = XCConfigurationList;
			buildConfigurations = (
				045A25511DDD8F0700B6C4AB /* Debug */,
				045A25521DDD8F0700B6C4AB /* Release */,
			);
			defaultConfigurationIsVisible = 0;
			defaultConfigurationName = Release;
		};
		045A25531DDD8F0700B6C4AB /* Build configuration list for PBXNativeTarget "ISProgressViewDemo" */ = {
			isa = XCConfigurationList;
			buildConfigurations = (
				045A25541DDD8F0700B6C4AB /* Debug */,
				045A25551DDD8F0700B6C4AB /* Release */,
			);
			defaultConfigurationIsVisible = 0;
		};
/* End XCConfigurationList section */
	};
	rootObject = 045A25341DDD8F0700B6C4AB /* Project object */;
}
